<?xml version="1.0" encoding="utf-8"?>
<Project ToolsVersion="4.0" xmlns="http://schemas.microsoft.com/developer/msbuild/2003">
  <ItemGroup>
    <Filter Include="ソース ファイル">
      <UniqueIdentifier>{4FC737F1-C7A5-4376-A066-2A32D752A2FF}</UniqueIdentifier>
      <Extensions>cpp;c;cc;cxx;def;odl;idl;hpj;bat;asm;asmx</Extensions>
    </Filter>
    <Filter Include="リソース ファイル">
      <UniqueIdentifier>{67DA6AB6-F800-4c08-8B7A-83BB121AAD01}</UniqueIdentifier>
      <Extensions>rc;ico;cur;bmp;dlg;rc2;rct;bin;rgs;gif;jpg;jpeg;jpe;resx;tiff;tif;png;wav;mfcribbon-ms</Extensions>
    </Filter>
    <Filter Include="ソース ファイル\system">
      <UniqueIdentifier>{3a7d750b-6eb2-4ba9-a9a0-b6fe1038254b}</UniqueIdentifier>
    </Filter>
    <Filter Include="ソース ファイル\object">
      <UniqueIdentifier>{4c72f523-1468-4d84-be15-45de03d970c5}</UniqueIdentifier>
    </Filter>
    <Filter Include="ソース ファイル\ui">
      <UniqueIdentifier>{09fe3457-0437-4115-a045-a53560500ea4}</UniqueIdentifier>
    </Filter>
    <Filter Include="ソース ファイル\object\derivation2D">
      <UniqueIdentifier>{06a75d63-4d19-4e00-914b-f1a0ccfa701a}</UniqueIdentifier>
    </Filter>
    <Filter Include="ソース ファイル\object\derivation">
      <UniqueIdentifier>{db174be4-8a86-4b9c-b679-65e7fd2b4776}</UniqueIdentifier>
    </Filter>
    <Filter Include="ソース ファイル\scene">
      <UniqueIdentifier>{ab03614c-d450-46e5-ae35-149665006e4c}</UniqueIdentifier>
    </Filter>
    <Filter Include="ソース ファイル\manager">
      <UniqueIdentifier>{fdeea567-2066-4f60-a55a-37a97331c430}</UniqueIdentifier>
    </Filter>
    <Filter Include="ソース ファイル\ui\sound">
      <UniqueIdentifier>{70748d89-158b-4460-94a9-9419f9a10f6e}</UniqueIdentifier>
    </Filter>
    <Filter Include="ソース ファイル\ui\texture">
      <UniqueIdentifier>{2a433006-a7ff-48b0-9660-c1ce5b438d16}</UniqueIdentifier>
    </Filter>
    <Filter Include="ソース ファイル\ui\input">
      <UniqueIdentifier>{51fde402-e16c-41b2-80d6-a3a2608f850f}</UniqueIdentifier>
    </Filter>
    <Filter Include="ソース ファイル\ui\effect">
      <UniqueIdentifier>{f12d9145-322a-4ea6-9e99-957eaae8e39a}</UniqueIdentifier>
    </Filter>
  </ItemGroup>
  <ItemGroup>
    <ClCompile Include="main.cpp">
      <Filter>ソース ファイル\system</Filter>
    </ClCompile>
    <ClCompile Include="object.cpp">
      <Filter>ソース ファイル\object</Filter>
    </ClCompile>
    <ClCompile Include="object2d.cpp">
      <Filter>ソース ファイル\object</Filter>
    </ClCompile>
    <ClCompile Include="ui.cpp">
      <Filter>ソース ファイル\ui</Filter>
    </ClCompile>
    <ClCompile Include="bg.cpp">
      <Filter>ソース ファイル\object\derivation2D</Filter>
    </ClCompile>
    <ClCompile Include="bullet.cpp">
      <Filter>ソース ファイル\object\derivation2D</Filter>
    </ClCompile>
    <ClCompile Include="enemy.cpp">
      <Filter>ソース ファイル\object\derivation2D</Filter>
    </ClCompile>
    <ClCompile Include="explosion.cpp">
      <Filter>ソース ファイル\object\derivation2D</Filter>
    </ClCompile>
    <ClCompile Include="life.cpp">
      <Filter>ソース ファイル\object\derivation2D</Filter>
    </ClCompile>
    <ClCompile Include="player.cpp">
      <Filter>ソース ファイル\object\derivation2D</Filter>
    </ClCompile>
    <ClCompile Include="protect_city.cpp">
      <Filter>ソース ファイル\object\derivation2D</Filter>
    </ClCompile>
    <ClCompile Include="title.cpp">
      <Filter>ソース ファイル\scene</Filter>
    </ClCompile>
    <ClCompile Include="game.cpp">
      <Filter>ソース ファイル\scene</Filter>
    </ClCompile>
    <ClCompile Include="texture.cpp">
      <Filter>ソース ファイル\ui\texture</Filter>
    </ClCompile>
    <ClCompile Include="result.cpp">
      <Filter>ソース ファイル\scene</Filter>
    </ClCompile>
    <ClCompile Include="renderer.cpp">
      <Filter>ソース ファイル\system</Filter>
    </ClCompile>
    <ClCompile Include="ranking.cpp">
      <Filter>ソース ファイル\scene</Filter>
    </ClCompile>
    <ClCompile Include="enemymanager.cpp">
      <Filter>ソース ファイル\manager</Filter>
    </ClCompile>
    <ClCompile Include="application.cpp">
      <Filter>ソース ファイル\manager</Filter>
    </ClCompile>
    <ClCompile Include="sound.cpp">
      <Filter>ソース ファイル\ui\sound</Filter>
    </ClCompile>
    <ClCompile Include="score.cpp">
      <Filter>ソース ファイル\object\derivation</Filter>
    </ClCompile>
    <ClCompile Include="input.cpp">
      <Filter>ソース ファイル\ui\input</Filter>
    </ClCompile>
    <ClCompile Include="effect.cpp">
      <Filter>ソース ファイル\ui\effect</Filter>
    </ClCompile>
  </ItemGroup>
  <ItemGroup>
    <ClInclude Include="main.h">
      <Filter>ソース ファイル\system</Filter>
    </ClInclude>
    <ClInclude Include="object.h">
      <Filter>ソース ファイル\object</Filter>
    </ClInclude>
    <ClInclude Include="object2d.h">
      <Filter>ソース ファイル\object</Filter>
    </ClInclude>
    <ClInclude Include="ui.h">
      <Filter>ソース ファイル\ui</Filter>
    </ClInclude>
    <ClInclude Include="score.h">
      <Filter>ソース ファイル\object\derivation</Filter>
    </ClInclude>
    <ClInclude Include="bg.h">
      <Filter>ソース ファイル\object\derivation2D</Filter>
    </ClInclude>
    <ClInclude Include="bullet.h">
      <Filter>ソース ファイル\object\derivation2D</Filter>
    </ClInclude>
    <ClInclude Include="enemy.h">
      <Filter>ソース ファイル\object\derivation2D</Filter>
    </ClInclude>
    <ClInclude Include="explosion.h">
      <Filter>ソース ファイル\object\derivation2D</Filter>
    </ClInclude>
    <ClInclude Include="life.h">
      <Filter>ソース ファイル\object\derivation2D</Filter>
    </ClInclude>
    <ClInclude Include="player.h">
      <Filter>ソース ファイル\object\derivation2D</Filter>
    </ClInclude>
    <ClInclude Include="protect_city.h">
      <Filter>ソース ファイル\object\derivation2D</Filter>
    </ClInclude>
    <ClInclude Include="game.h">
      <Filter>ソース ファイル\scene</Filter>
    </ClInclude>
    <ClInclude Include="result.h">
      <Filter>ソース ファイル\scene</Filter>
    </ClInclude>
    <ClInclude Include="title.h">
      <Filter>ソース ファイル\scene</Filter>
    </ClInclude>
    <ClInclude Include="texture.h">
      <Filter>ソース ファイル\ui\texture</Filter>
    </ClInclude>
    <ClInclude Include="sound.h">
      <Filter>ソース ファイル\ui\sound</Filter>
    </ClInclude>
    <ClInclude Include="renderer.h">
      <Filter>ソース ファイル\system</Filter>
    </ClInclude>
    <ClInclude Include="ranking.h">
      <Filter>ソース ファイル\scene</Filter>
    </ClInclude>
    <ClInclude Include="enemymanager.h">
      <Filter>ソース ファイル\manager</Filter>
    </ClInclude>
    <ClInclude Include="application.h">
      <Filter>ソース ファイル\manager</Filter>
    </ClInclude>
    <ClInclude Include="input.h">
      <Filter>ソース ファイル\ui\input</Filter>
    </ClInclude>
    <ClInclude Include="effect.h">
      <Filter>ソース ファイル\ui\effect</Filter>
    </ClInclude>
  </ItemGroup>
</Project>